// !$*UTF8*$!
{
	archiveVersion = 1;
	classes = {
	};
	objectVersion = 51;
	objects = {

/* Begin PBXBuildFile section */
		31E2494826D0A29600270EAD /* AppDelegate.swift in Sources */ = {isa = PBXBuildFile; fileRef = 31E2494726D0A29600270EAD /* AppDelegate.swift */; };
		31E2494A26D0A29600270EAD /* SceneDelegate.swift in Sources */ = {isa = PBXBuildFile; fileRef = 31E2494926D0A29600270EAD /* SceneDelegate.swift */; };
		31E2494C26D0A29600270EAD /* ViewController.swift in Sources */ = {isa = PBXBuildFile; fileRef = 31E2494B26D0A29600270EAD /* ViewController.swift */; };
		31E2494F26D0A29600270EAD /* Main.storyboard in Resources */ = {isa = PBXBuildFile; fileRef = 31E2494D26D0A29600270EAD /* Main.storyboard */; };
		31E2495126D0A29700270EAD /* Assets.xcassets in Resources */ = {isa = PBXBuildFile; fileRef = 31E2495026D0A29700270EAD /* Assets.xcassets */; };
		31E2495426D0A29700270EAD /* LaunchScreen.storyboard in Resources */ = {isa = PBXBuildFile; fileRef = 31E2495226D0A29700270EAD /* LaunchScreen.storyboard */; };
		31E3066C26D0A62A002C2E80 /* R.generated.swift in Sources */ = {isa = PBXBuildFile; fileRef = 31E3066B26D0A62A002C2E80 /* R.generated.swift */; };
		31E3066E26D0A652002C2E80 /* SwitchCell.swift in Sources */ = {isa = PBXBuildFile; fileRef = 31E3066D26D0A652002C2E80 /* SwitchCell.swift */; };
		EE1A9AD9FE549A18E0C7EA53 /* Pods_UISwitch_RXSwift_Sample.framework in Frameworks */ = {isa = PBXBuildFile; fileRef = 595D1CB7E4F9A52629B345F2 /* Pods_UISwitch_RXSwift_Sample.framework */; };
/* End PBXBuildFile section */

/* Begin PBXFileReference section */
		31E2494426D0A29600270EAD /* UISwitch_RXSwift_Sample.app */ = {isa = PBXFileReference; explicitFileType = wrapper.application; includeInIndex = 0; path = UISwitch_RXSwift_Sample.app; sourceTree = BUILT_PRODUCTS_DIR; };
		31E2494726D0A29600270EAD /* AppDelegate.swift */ = {isa = PBXFileReference; lastKnownFileType = sourcecode.swift; path = AppDelegate.swift; sourceTree = "<group>"; };
		31E2494926D0A29600270EAD /* SceneDelegate.swift */ = {isa = PBXFileReference; lastKnownFileType = sourcecode.swift; path = SceneDelegate.swift; sourceTree = "<group>"; };
		31E2494B26D0A29600270EAD /* ViewController.swift */ = {isa = PBXFileReference; lastKnownFileType = sourcecode.swift; path = ViewController.swift; sourceTree = "<group>"; };
		31E2494E26D0A29600270EAD /* Base */ = {isa = PBXFileReference; lastKnownFileType = file.storyboard; name = Base; path = Base.lproj/Main.storyboard; sourceTree = "<group>"; };
		31E2495026D0A29700270EAD /* Assets.xcassets */ = {isa = PBXFileReference; lastKnownFileType = folder.assetcatalog; path = Assets.xcassets; sourceTree = "<group>"; };
		31E2495326D0A29700270EAD /* Base */ = {isa = PBXFileReference; lastKnownFileType = file.storyboard; name = Base; path = Base.lproj/LaunchScreen.storyboard; sourceTree = "<group>"; };
		31E2495526D0A29700270EAD /* Info.plist */ = {isa = PBXFileReference; lastKnownFileType = text.plist.xml; path = Info.plist; sourceTree = "<group>"; };
		31E3066B26D0A62A002C2E80 /* R.generated.swift */ = {isa = PBXFileReference; fileEncoding = 4; lastKnownFileType = sourcecode.swift; path = R.generated.swift; sourceTree = SOURCE_ROOT; };
		31E3066D26D0A652002C2E80 /* SwitchCell.swift */ = {isa = PBXFileReference; lastKnownFileType = sourcecode.swift; path = SwitchCell.swift; sourceTree = "<group>"; };
		595D1CB7E4F9A52629B345F2 /* Pods_UISwitch_RXSwift_Sample.framework */ = {isa = PBXFileReference; explicitFileType = wrapper.framework; includeInIndex = 0; path = Pods_UISwitch_RXSwift_Sample.framework; sourceTree = BUILT_PRODUCTS_DIR; };
		DA85B12781B451236DD47CBA /* Pods-UISwitch_RXSwift_Sample.debug.xcconfig */ = {isa = PBXFileReference; includeInIndex = 1; lastKnownFileType = text.xcconfig; name = "Pods-UISwitch_RXSwift_Sample.debug.xcconfig"; path = "Target Support Files/Pods-UISwitch_RXSwift_Sample/Pods-UISwitch_RXSwift_Sample.debug.xcconfig"; sourceTree = "<group>"; };
		F01415679ABEE8A397C27AA0 /* Pods-UISwitch_RXSwift_Sample.release.xcconfig */ = {isa = PBXFileReference; includeInIndex = 1; lastKnownFileType = text.xcconfig; name = "Pods-UISwitch_RXSwift_Sample.release.xcconfig"; path = "Target Support Files/Pods-UISwitch_RXSwift_Sample/Pods-UISwitch_RXSwift_Sample.release.xcconfig"; sourceTree = "<group>"; };
/* End PBXFileReference section */

/* Begin PBXFrameworksBuildPhase section */
		31E2494126D0A29600270EAD /* Frameworks */ = {
			isa = PBXFrameworksBuildPhase;
			buildActionMask = 2147483647;
			files = (
				EE1A9AD9FE549A18E0C7EA53 /* Pods_UISwitch_RXSwift_Sample.framework in Frameworks */,
			);
			runOnlyForDeploymentPostprocessing = 0;
		};
/* End PBXFrameworksBuildPhase section */

/* Begin PBXGroup section */
		31E2493B26D0A29600270EAD = {
			isa = PBXGroup;
			children = (
				31E2494626D0A29600270EAD /* UISwitch_RXSwift_Sample */,
				31E2494526D0A29600270EAD /* Products */,
				E113D4257F7EC293690E24B0 /* Pods */,
				E44A6E23884EBBA9B575A572 /* Frameworks */,
			);
			sourceTree = "<group>";
		};
		31E2494526D0A29600270EAD /* Products */ = {
			isa = PBXGroup;
			children = (
				31E2494426D0A29600270EAD /* UISwitch_RXSwift_Sample.app */,
			);
			name = Products;
			sourceTree = "<group>";
		};
		31E2494626D0A29600270EAD /* UISwitch_RXSwift_Sample */ = {
			isa = PBXGroup;
			children = (
				31E2494726D0A29600270EAD /* AppDelegate.swift */,
				31E2494926D0A29600270EAD /* SceneDelegate.swift */,
				31E2494B26D0A29600270EAD /* ViewController.swift */,
				31E3066D26D0A652002C2E80 /* SwitchCell.swift */,
				31E2494D26D0A29600270EAD /* Main.storyboard */,
				31E2495026D0A29700270EAD /* Assets.xcassets */,
				31E2495226D0A29700270EAD /* LaunchScreen.storyboard */,
				31E2495526D0A29700270EAD /* Info.plist */,
				31E3066B26D0A62A002C2E80 /* R.generated.swift */,
			);
			path = UISwitch_RXSwift_Sample;
			sourceTree = "<group>";
		};
		E113D4257F7EC293690E24B0 /* Pods */ = {
			isa = PBXGroup;
			children = (
				DA85B12781B451236DD47CBA /* Pods-UISwitch_RXSwift_Sample.debug.xcconfig */,
				F01415679ABEE8A397C27AA0 /* Pods-UISwitch_RXSwift_Sample.release.xcconfig */,
			);
			path = Pods;
			sourceTree = "<group>";
		};
		E44A6E23884EBBA9B575A572 /* Frameworks */ = {
			isa = PBXGroup;
			children = (
				595D1CB7E4F9A52629B345F2 /* Pods_UISwitch_RXSwift_Sample.framework */,
			);
			name = Frameworks;
			sourceTree = "<group>";
		};
/* End PBXGroup section */

/* Begin PBXNativeTarget section */
		31E2494326D0A29600270EAD /* UISwitch_RXSwift_Sample */ = {
			isa = PBXNativeTarget;
			buildConfigurationList = 31E2495826D0A29700270EAD /* Build configuration list for PBXNativeTarget "UISwitch_RXSwift_Sample" */;
			buildPhases = (
				C68E04AC1DC3A493B329401F /* [CP] Check Pods Manifest.lock */,
				31E3066A26D0A55A002C2E80 /* Run Script R.swift */,
				31E2494026D0A29600270EAD /* Sources */,
				31E2494126D0A29600270EAD /* Frameworks */,
				31E2494226D0A29600270EAD /* Resources */,
				9465A8A0489B2DE31B364C8A /* [CP] Embed Pods Frameworks */,
			);
			buildRules = (
			);
			dependencies = (
			);
			name = UISwitch_RXSwift_Sample;
			productName = UISwitch_RXSwift_Sample;
			productReference = 31E2494426D0A29600270EAD /* UISwitch_RXSwift_Sample.app */;
			productType = "com.apple.product-type.application";
		};
/* End PBXNativeTarget section */

/* Begin PBXProject section */
		31E2493C26D0A29600270EAD /* Project object */ = {
			isa = PBXProject;
			attributes = {
				LastSwiftUpdateCheck = 1250;
				LastUpgradeCheck = 1250;
				TargetAttributes = {
					31E2494326D0A29600270EAD = {
						CreatedOnToolsVersion = 12.5.1;
					};
				};
			};
			buildConfigurationList = 31E2493F26D0A29600270EAD /* Build configuration list for PBXProject "UISwitch_RXSwift_Sample" */;
			compatibilityVersion = "Xcode 9.3";
			developmentRegion = en;
			hasScannedForEncodings = 0;
			knownRegions = (
				en,
				Base,
			);
			mainGroup = 31E2493B26D0A29600270EAD;
			productRefGroup = 31E2494526D0A29600270EAD /* Products */;
			projectDirPath = "";
			projectRoot = "";
			targets = (
				31E2494326D0A29600270EAD /* UISwitch_RXSwift_Sample */,
			);
		};
/* End PBXProject section */

/* Begin PBXResourcesBuildPhase section */
		31E2494226D0A29600270EAD /* Resources */ = {
			isa = PBXResourcesBuildPhase;
			buildActionMask = 2147483647;
			files = (
				31E2495426D0A29700270EAD /* LaunchScreen.storyboard in Resources */,
				31E2495126D0A29700270EAD /* Assets.xcassets in Resources */,
				31E2494F26D0A29600270EAD /* Main.storyboard in Resources */,
			);
			runOnlyForDeploymentPostprocessing = 0;
		};
/* End PBXResourcesBuildPhase section */

/* Begin PBXShellScriptBuildPhase section */
		31E3066A26D0A55A002C2E80 /* Run Script R.swift */ = {
			isa = PBXShellScriptBuildPhase;
			buildActionMask = 2147483647;
			files = (
			);
			inputFileListPaths = (
			);
			inputPaths = (
				"$TEMP_DIR/rswift-lastrun",
			);
			name = "Run Script R.swift";
			outputFileListPaths = (
			);
			outputPaths = (
				$SRCROOT/R.generated.swift,
			);
			runOnlyForDeploymentPostprocessing = 0;
			shellPath = /bin/sh;
			shellScript = "# Type a script or drag a script file from your workspace to insert its path.\n\"$PODS_ROOT/R.swift/rswift\" generate \"$SRCROOT/R.generated.swift\"\ndate > \"$SRCROOT/date.txt\"\n";
		};
		9465A8A0489B2DE31B364C8A /* [CP] Embed Pods Frameworks */ = {
			isa = PBXShellScriptBuildPhase;
			buildActionMask = 2147483647;
			files = (
			);
			inputFileListPaths = (
				"${PODS_ROOT}/Target Support Files/Pods-UISwitch_RXSwift_Sample/Pods-UISwitch_RXSwift_Sample-frameworks-${CONFIGURATION}-input-files.xcfilelist",
			);
			name = "[CP] Embed Pods Frameworks";
			outputFileListPaths = (
				"${PODS_ROOT}/Target Support Files/Pods-UISwitch_RXSwift_Sample/Pods-UISwitch_RXSwift_Sample-frameworks-${CONFIGURATION}-output-files.xcfilelist",
			);
			runOnlyForDeploymentPostprocessing = 0;
			shellPath = /bin/sh;
			shellScript = "\"${PODS_ROOT}/Target Support Files/Pods-UISwitch_RXSwift_Sample/Pods-UISwitch_RXSwift_Sample-frameworks.sh\"\n";
			showEnvVarsInLog = 0;
		};
		C68E04AC1DC3A493B329401F /* [CP] Check Pods Manifest.lock */ = {
			isa = PBXShellScriptBuildPhase;
			buildActionMask = 2147483647;
			files = (
			);
			inputFileListPaths = (
			);
			inputPaths = (
				"${PODS_PODFILE_DIR_PATH}/Podfile.lock",
				"${PODS_ROOT}/Manifest.lock",
			);
			name = "[CP] Check Pods Manifest.lock";
			outputFileListPaths = (
			);
			outputPaths = (
				"$(DERIVED_FILE_DIR)/Pods-UISwitch_RXSwift_Sample-checkManifestLockResult.txt",
			);
			runOnlyForDeploymentPostprocessing = 0;
			shellPath = /bin/sh;
			shellScript = "diff \"${PODS_PODFILE_DIR_PATH}/Podfile.lock\" \"${PODS_ROOT}/Manifest.lock\" > /dev/null\nif [ $? != 0 ] ; then\n    # print error to STDERR\n    echo \"error: The sandbox is not in sync with the Podfile.lock. Run 'pod install' or update your CocoaPods installation.\" >&2\n    exit 1\nfi\n# This output is used by Xcode 'outputs' to avoid re-running this script phase.\necho \"SUCCESS\" > \"${SCRIPT_OUTPUT_FILE_0}\"\n";
			showEnvVarsInLog = 0;
		};
/* End PBXShellScriptBuildPhase section */

/* Begin PBXSourcesBuildPhase section */
		31E2494026D0A29600270EAD /* Sources */ = {
			isa = PBXSourcesBuildPhase;
			buildActionMask = 2147483647;
			files = (
				31E2494C26D0A29600270EAD /* ViewController.swift in Sources */,
				31E2494826D0A29600270EAD /* AppDelegate.swift in Sources */,
				31E2494A26D0A29600270EAD /* SceneDelegate.swift in Sources */,
				31E3066C26D0A62A002C2E80 /* R.generated.swift in Sources */,
				31E3066E26D0A652002C2E80 /* SwitchCell.swift in Sources */,
			);
			runOnlyForDeploymentPostprocessing = 0;
		};
/* End PBXSourcesBuildPhase section */

/* Begin PBXVariantGroup section */
		31E2494D26D0A29600270EAD /* Main.storyboard */ = {
			isa = PBXVariantGroup;
			children = (
				31E2494E26D0A29600270EAD /* Base */,
			);
			name = Main.storyboard;
			sourceTree = "<group>";
		};
		31E2495226D0A29700270EAD /* LaunchScreen.storyboard */ = {
			isa = PBXVariantGroup;
			children = (
				31E2495326D0A29700270EAD /* Base */,
			);
			name = LaunchScreen.storyboard;
			sourceTree = "<group>";
		};
/* End PBXVariantGroup section */

/* Begin XCBuildConfiguration section */
		31E2495626D0A29700270EAD /* Debug */ = {
			isa = XCBuildConfiguration;
			buildSettings = {
				ALWAYS_SEARCH_USER_PATHS = NO;
				CLANG_ANALYZER_NONNULL = YES;
				CLANG_ANALYZER_NUMBER_OBJECT_CONVERSION = YES_AGGRESSIVE;
				CLANG_CXX_LANGUAGE_STANDARD = "gnu++14";
				CLANG_CXX_LIBRARY = "libc++";
				CLANG_ENABLE_MODULES = YES;
				CLANG_ENABLE_OBJC_ARC = YES;
				CLANG_ENABLE_OBJC_WEAK = YES;
				CLANG_WARN_BLOCK_CAPTURE_AUTORELEASING = YES;
				CLANG_WARN_BOOL_CONVERSION = YES;
				CLANG_WARN_COMMA = YES;
				CLANG_WARN_CONSTANT_CONVERSION = YES;
				CLANG_WARN_DEPRECATED_OBJC_IMPLEMENTATIONS = YES;
				CLANG_WARN_DIRECT_OBJC_ISA_USAGE = YES_ERROR;
				CLANG_WARN_DOCUMENTATION_COMMENTS = YES;
				CLANG_WARN_EMPTY_BODY = YES;
				CLANG_WARN_ENUM_CONVERSION = YES;
				CLANG_WARN_INFINITE_RECURSION = YES;
				CLANG_WARN_INT_CONVERSION = YES;
				CLANG_WARN_NON_LITERAL_NULL_CONVERSION = YES;
				CLANG_WARN_OBJC_IMPLICIT_RETAIN_SELF = YES;
				CLANG_WARN_OBJC_LITERAL_CONVERSION = YES;
				CLANG_WARN_OBJC_ROOT_CLASS = YES_ERROR;
				CLANG_WARN_QUOTED_INCLUDE_IN_FRAMEWORK_HEADER = YES;
				CLANG_WARN_RANGE_LOOP_ANALYSIS = YES;
				CLANG_WARN_STRICT_PROTOTYPES = YES;
				CLANG_WARN_SUSPICIOUS_MOVE = YES;
				CLANG_WARN_UNGUARDED_AVAILABILITY = YES_AGGRESSIVE;
				CLANG_WARN_UNREACHABLE_CODE = YES;
				CLANG_WARN__DUPLICATE_METHOD_MATCH = YES;
				COPY_PHASE_STRIP = NO;
				DEBUG_INFORMATION_FORMAT = dwarf;
				ENABLE_STRICT_OBJC_MSGSEND = YES;
				ENABLE_TESTABILITY = YES;
				GCC_C_LANGUAGE_STANDARD = gnu11;
				GCC_DYNAMIC_NO_PIC = NO;
				GCC_NO_COMMON_BLOCKS = YES;
				GCC_OPTIMIZATION_LEVEL = 0;
				GCC_PREPROCESSOR_DEFINITIONS = (
					"DEBUG=1",
					"$(inherited)",
				);
				GCC_WARN_64_TO_32_BIT_CONVERSION = YES;
				GCC_WARN_ABOUT_RETURN_TYPE = YES_ERROR;
				GCC_WARN_UNDECLARED_SELECTOR = YES;
				GCC_WARN_UNINITIALIZED_AUTOS = YES_AGGRESSIVE;
				GCC_WARN_UNUSED_FUNCTION = YES;
				GCC_WARN_UNUSED_VARIABLE = YES;
				IPHONEOS_DEPLOYMENT_TARGET = 14.5;
				MTL_ENABLE_DEBUG_INFO = INCLUDE_SOURCE;
				MTL_FAST_MATH = YES;
				ONLY_ACTIVE_ARCH = YES;
				SDKROOT = iphoneos;
				SWIFT_ACTIVE_COMPILATION_CONDITIONS = DEBUG;
				SWIFT_OPTIMIZATION_LEVEL = "-Onone";
			};
			name = Debug;
		};
		31E2495726D0A29700270EAD /* Release */ = {
			isa = XCBuildConfiguration;
			buildSettings = {
				ALWAYS_SEARCH_USER_PATHS = NO;
				CLANG_ANALYZER_NONNULL = YES;
				CLANG_ANALYZER_NUMBER_OBJECT_CONVERSION = YES_AGGRESSIVE;
				CLANG_CXX_LANGUAGE_STANDARD = "gnu++14";
				CLANG_CXX_LIBRARY = "libc++";
				CLANG_ENABLE_MODULES = YES;
				CLANG_ENABLE_OBJC_ARC = YES;
				CLANG_ENABLE_OBJC_WEAK = YES;
				CLANG_WARN_BLOCK_CAPTURE_AUTORELEASING = YES;
				CLANG_WARN_BOOL_CONVERSION = YES;
				CLANG_WARN_COMMA = YES;
				CLANG_WARN_CONSTANT_CONVERSION = YES;
				CLANG_WARN_DEPRECATED_OBJC_IMPLEMENTATIONS = YES;
				CLANG_WARN_DIRECT_OBJC_ISA_USAGE = YES_ERROR;
				CLANG_WARN_DOCUMENTATION_COMMENTS = YES;
				CLANG_WARN_EMPTY_BODY = YES;
				CLANG_WARN_ENUM_CONVERSION = YES;
				CLANG_WARN_INFINITE_RECURSION = YES;
				CLANG_WARN_INT_CONVERSION = YES;
				CLANG_WARN_NON_LITERAL_NULL_CONVERSION = YES;
				CLANG_WARN_OBJC_IMPLICIT_RETAIN_SELF = YES;
				CLANG_WARN_OBJC_LITERAL_CONVERSION = YES;
				CLANG_WARN_OBJC_ROOT_CLASS = YES_ERROR;
				CLANG_WARN_QUOTED_INCLUDE_IN_FRAMEWORK_HEADER = YES;
				CLANG_WARN_RANGE_LOOP_ANALYSIS = YES;
				CLANG_WARN_STRICT_PROTOTYPES = YES;
				CLANG_WARN_SUSPICIOUS_MOVE = YES;
				CLANG_WARN_UNGUARDED_AVAILABILITY = YES_AGGRESSIVE;
				CLANG_WARN_UNREACHABLE_CODE = YES;
				CLANG_WARN__DUPLICATE_METHOD_MATCH = YES;
				COPY_PHASE_STRIP = NO;
				DEBUG_INFORMATION_FORMAT = "dwarf-with-dsym";
				ENABLE_NS_ASSERTIONS = NO;
				ENABLE_STRICT_OBJC_MSGSEND = YES;
				GCC_C_LANGUAGE_STANDARD = gnu11;
				GCC_NO_COMMON_BLOCKS = YES;
				GCC_WARN_64_TO_32_BIT_CONVERSION = YES;
				GCC_WARN_ABOUT_RETURN_TYPE = YES_ERROR;
				GCC_WARN_UNDECLARED_SELECTOR = YES;
				GCC_WARN_UNINITIALIZED_AUTOS = YES_AGGRESSIVE;
				GCC_WARN_UNUSED_FUNCTION = YES;
				GCC_WARN_UNUSED_VARIABLE = YES;
				IPHONEOS_DEPLOYMENT_TARGET = 14.5;
				MTL_ENABLE_DEBUG_INFO = NO;
				MTL_FAST_MATH = YES;
				SDKROOT = iphoneos;
				SWIFT_COMPILATION_MODE = wholemodule;
				SWIFT_OPTIMIZATION_LEVEL = "-O";
				VALIDATE_PRODUCT = YES;
			};
			name = Release;
		};
		31E2495926D0A29700270EAD /* Debug */ = {
			isa = XCBuildConfiguration;
			baseConfigurationReference = DA85B12781B451236DD47CBA /* Pods-UISwitch_RXSwift_Sample.debug.xcconfig */;
			buildSettings = {
				ASSETCATALOG_COMPILER_APPICON_NAME = AppIcon;
				ASSETCATALOG_COMPILER_GLOBAL_ACCENT_COLOR_NAME = AccentColor;
				CODE_SIGN_STYLE = Automatic;
				DEVELOPMENT_TEAM = U5LW6HVD99;
				INFOPLIST_FILE = UISwitch_RXSwift_Sample/Info.plist;
				LD_RUNPATH_SEARCH_PATHS = (
					"$(inherited)",
					"@executable_path/Frameworks",
				);
				PRODUCT_BUNDLE_IDENTIFIER = "net.deskplate.UISwitch-RXSwift-Sample";
				PRODUCT_NAME = "$(TARGET_NAME)";
				SWIFT_VERSION = 5.0;
				TARGETED_DEVICE_FAMILY = "1,2";
			};
			name = Debug;
		};
		31E2495A26D0A29700270EAD /* Release */ = {
			isa = XCBuildConfiguration;
			baseConfigurationReference = F01415679ABEE8A397C27AA0 /* Pods-UISwitch_RXSwift_Sample.release.xcconfig */;
			buildSettings = {
				ASSETCATALOG_COMPILER_APPICON_NAME = AppIcon;
				ASSETCATALOG_COMPILER_GLOBAL_ACCENT_COLOR_NAME = AccentColor;
				CODE_SIGN_STYLE = Automatic;
				DEVELOPMENT_TEAM = U5LW6HVD99;
				INFOPLIST_FILE = UISwitch_RXSwift_Sample/Info.plist;
				LD_RUNPATH_SEARCH_PATHS = (
					"$(inherited)",
					"@executable_path/Frameworks",
				);
				PRODUCT_BUNDLE_IDENTIFIER = "net.deskplate.UISwitch-RXSwift-Sample";
				PRODUCT_NAME = "$(TARGET_NAME)";
				SWIFT_VERSION = 5.0;
				TARGETED_DEVICE_FAMILY = "1,2";
			};
			name = Release;
		};
/* End XCBuildConfiguration section */

/* Begin XCConfigurationList section */
		31E2493F26D0A29600270EAD /* Build configuration list for PBXProject "UISwitch_RXSwift_Sample" */ = {
			isa = XCConfigurationList;
			buildConfigurations = (
				31E2495626D0A29700270EAD /* Debug */,
				31E2495726D0A29700270EAD /* Release */,
			);
			defaultConfigurationIsVisible = 0;
			defaultConfigurationName = Release;
		};
		31E2495826D0A29700270EAD /* Build configuration list for PBXNativeTarget "UISwitch_RXSwift_Sample" */ = {
			isa = XCConfigurationList;
			buildConfigurations = (
				31E2495926D0A29700270EAD /* Debug */,
				31E2495A26D0A29700270EAD /* Release */,
			);
			defaultConfigurationIsVisible = 0;
			defaultConfigurationName = Release;
		};
/* End XCConfigurationList section */
	};
	rootObject = 31E2493C26D0A29600270EAD /* Project object */;
}
